github.com/Code-Hex/go-infinity-channel v1.0.0 h1:M8BWlfDOxq9or9yvF9+YkceoTkDI1pFAqvnP87Zh0Nw=
github.com/Code-Hex/go-infinity-channel v1.0.0/go.mod h1:5yUVg/Fqao9dAjcpzoQ33WwfdMWmISOrQloDRn3bsvY=
github.com/Code-Hex/vz/v3 v3.7.1 h1:EN1yNiyrbPq+dl388nne2NySo8I94EnPppvqypA65XM=
github.com/Code-Hex/vz/v3 v3.7.1/go.mod h1:1LsW0jqW0r0cQ+IeR4hHbjdqOtSidNCVMWhStMHGho8=
github.com/google/btree v1.1.2 h1:xf4v41cLI2Z6FxbKm+8Bu+m8ifhj15JuZ9sa0jZCMUU=
github.com/google/btree v1.1.2/go.mod h1:qOPhT0dTNdNzV6Z/lhRX0YXUafgPLFUh+gZMl761Gm4=
golang.org/x/crypto v0.49.0 h1:+Ng2ULVvLHnJ/ZFEq4KdcDd/cfjrrjjNSXNzxg0Y4U4=
golang.org/x/crypto v0.49.0/go.mod h1:ErX4dUh2UM+CFYiXZRTcMpEcN8b/1gxEuv3nODoYtCA=
golang.org/x/exp v0.0.0-20250711185948-6ae5c78190dc h1:TS73t7x3KarrNd5qAipmspBDS1rkMcgVG/fS1aRb4Rc=
golang.org/x/exp v0.0.0-20250711185948-6ae5c78190dc/go.mod h1:A+z0yzpGtvnG90cToK5n2tu8UJVP2XUATh+r+sfOOOc=
golang.org/x/mod v0.34.0 h1:xIHgNUUnW6sYkcM5Jleh05DvLOtwc6RitGHbDk4akRI=
golang.org/x/mod v0.34.0/go.mod h1:ykgH52iCZe79kzLLMhyCUzhMci+nQj+0XkbXpNYtVjY=
golang.org/x/sys v0.43.0 h1:Rlag2XtaFTxp19wS8MXlJwTvoh8ArU6ezoyFsMyCTNI=
golang.org/x/sys v0.43.0/go.mod h1:4GL1E5IUh+htKOUEOaiffhrAeqysfVGipDYzABqnCmw=
golang.org/x/time v0.15.0 h1:bbrp8t3bGUeFOx08pvsMYRTCVSMk89u4tKbNOZbp88U=
golang.org/x/time v0.15.0/go.mod h1:Y4YMaQmXwGQZoFaVFk4YpCt4FLQMYKZe9oeV/f4MSno=
gvisor.dev/gvisor v0.0.0-20260923023802-c84204b5f2fd h1:sLdQ7RneZkT1gu+VshJ4VpbbKZGdsjaedHL4KApgMuE=
gvisor.dev/gvisor v0.0.0-20260923023802-c84204b5f2fd/go.mod h1:8aLQqUBHDH8fY5y60lzmwDpMMbQCcT3EBfoSwhfaGCY=
